
Microsoft Visual Studio Solution File, Format Version 12.00
# Visual Studio 14
VisualStudioVersion = 14.0.23107.0
MinimumVisualStudioVersion = 10.0.40219.1
Project("{FAE04EC0-301F-11D3-BF4B-00C04F79EFBC}") = "SecureGUI", "SecureGUI\SecureGUI.csproj", "{7DC9DF59-5700-449B-80EA-96A74E992AC8}"
EndProject
Project("{FAE04EC0-301F-11D3-BF4B-00C04F79EFBC}") = "ServiceDashboard", "ServiceDashboard\ServiceDashboard.csproj", "{571E7B0D-D94F-435D-9704-551D87B3572E}"
EndProject
Project("{FAE04EC0-301F-11D3-BF4B-00C04F79EFBC}") = "CertnaBase", "CertnaBase\CertnaBase.csproj", "{E1408401-94D8-48AC-84BE-1ACA8EE09BED}"
EndProject
Project("{FAE04EC0-301F-11D3-BF4B-00C04F79EFBC}") = "SecureBase", "SecureBase\SecureBase.csproj", "{2C4733FB-8AAF-4A4B-8583-6FAC4540E1BA}"
EndProject
Project("{FAE04EC0-301F-11D3-BF4B-00C04F79EFBC}") = "ESubmitService", "ESubmitService\ESubmitService.csproj", "{71B530ED-26CD-4935-8B48-66A6E29B2B0D}"
EndProject
Project("{F184B08F-C81C-45F6-A57F-5ABD9991F28F}") = "Certna-john", "Certna\Certna-john.vbproj", "{BDE5FC25-8DB8-4922-848A-44C079B0E30B}"
EndProject
Project("{F184B08F-C81C-45F6-A57F-5ABD9991F28F}") = "SqlLib", "SqlLib\SqlLib.vbproj", "{52AF74BB-67E3-4AF3-8E90-96B7F91BC4EC}"
EndProject
Project("{FAE04EC0-301F-11D3-BF4B-00C04F79EFBC}") = "WinFormTest", "SecureWinForm\WinFormTest\WinFormTest.csproj", "{B8156A69-9525-4B95-8A6A-6B1BD6AD0461}"
EndProject
Project("{FAE04EC0-301F-11D3-BF4B-00C04F79EFBC}") = "Controller.Media.Schema", "SecureWinForm\Schema\Controller.Media.Schema.csproj", "{ED75E520-9D40-4B21-BF81-107C10D9D828}"
EndProject
Project("{FAE04EC0-301F-11D3-BF4B-00C04F79EFBC}") = "ClassRunMain", "ClassRunMain\ClassRunMain.csproj", "{157706BD-DEAA-4B89-B5EE-CD447B2E9A13}"
EndProject
Project("{FAE04EC0-301F-11D3-BF4B-00C04F79EFBC}") = "TestHarness", "TestHarness\TestHarness.csproj", "{3EF639BA-C4B1-4031-BB59-F62EF7F7C875}"
EndProject
Project("{FAE04EC0-301F-11D3-BF4B-00C04F79EFBC}") = "XmlHelper", "XmlHelper\XmlHelper.csproj", "{7626EA15-CAAC-4DE2-B07F-0168D479B8C7}"
EndProject
Global
	GlobalSection(SolutionConfigurationPlatforms) = preSolution
		Debug|Any CPU = Debug|Any CPU
		Debug|x64 = Debug|x64
		Debug|x86 = Debug|x86
		Release|Any CPU = Release|Any CPU
		Release|x64 = Release|x64
		Release|x86 = Release|x86
	EndGlobalSection
	GlobalSection(ProjectConfigurationPlatforms) = postSolution
		{7DC9DF59-5700-449B-80EA-96A74E992AC8}.Debug|Any CPU.ActiveCfg = Debug|Any CPU
		{7DC9DF59-5700-449B-80EA-96A74E992AC8}.Debug|Any CPU.Build.0 = Debug|Any CPU
		{7DC9DF59-5700-449B-80EA-96A74E992AC8}.Debug|x64.ActiveCfg = Debug|Any CPU
		{7DC9DF59-5700-449B-80EA-96A74E992AC8}.Debug|x64.Build.0 = Debug|Any CPU
		{7DC9DF59-5700-449B-80EA-96A74E992AC8}.Debug|x86.ActiveCfg = Debug|Any CPU
		{7DC9DF59-5700-449B-80EA-96A74E992AC8}.Debug|x86.Build.0 = Debug|Any CPU
		{7DC9DF59-5700-449B-80EA-96A74E992AC8}.Release|Any CPU.ActiveCfg = Release|Any CPU
		{7DC9DF59-5700-449B-80EA-96A74E992AC8}.Release|Any CPU.Build.0 = Release|Any CPU
		{7DC9DF59-5700-449B-80EA-96A74E992AC8}.Release|x64.ActiveCfg = Release|Any CPU
		{7DC9DF59-5700-449B-80EA-96A74E992AC8}.Release|x64.Build.0 = Release|Any CPU
		{7DC9DF59-5700-449B-80EA-96A74E992AC8}.Release|x86.ActiveCfg = Release|Any CPU
		{7DC9DF59-5700-449B-80EA-96A74E992AC8}.Release|x86.Build.0 = Release|Any CPU
		{571E7B0D-D94F-435D-9704-551D87B3572E}.Debug|Any CPU.ActiveCfg = Debug|Any CPU
		{571E7B0D-D94F-435D-9704-551D87B3572E}.Debug|Any CPU.Build.0 = Debug|Any CPU
		{571E7B0D-D94F-435D-9704-551D87B3572E}.Debug|x64.ActiveCfg = Debug|Any CPU
		{571E7B0D-D94F-435D-9704-551D87B3572E}.Debug|x64.Build.0 = Debug|Any CPU
		{571E7B0D-D94F-435D-9704-551D87B3572E}.Debug|x86.ActiveCfg = Debug|Any CPU
		{571E7B0D-D94F-435D-9704-551D87B3572E}.Debug|x86.Build.0 = Debug|Any CPU
		{571E7B0D-D94F-435D-9704-551D87B3572E}.Release|Any CPU.ActiveCfg = Release|Any CPU
		{571E7B0D-D94F-435D-9704-551D87B3572E}.Release|Any CPU.Build.0 = Release|Any CPU
		{571E7B0D-D94F-435D-9704-551D87B3572E}.Release|x64.ActiveCfg = Release|Any CPU
		{571E7B0D-D94F-435D-9704-551D87B3572E}.Release|x64.Build.0 = Release|Any CPU
		{571E7B0D-D94F-435D-9704-551D87B3572E}.Release|x86.ActiveCfg = Release|Any CPU
		{571E7B0D-D94F-435D-9704-551D87B3572E}.Release|x86.Build.0 = Release|Any CPU
		{E1408401-94D8-48AC-84BE-1ACA8EE09BED}.Debug|Any CPU.ActiveCfg = Debug|Any CPU
		{E1408401-94D8-48AC-84BE-1ACA8EE09BED}.Debug|Any CPU.Build.0 = Debug|Any CPU
		{E1408401-94D8-48AC-84BE-1ACA8EE09BED}.Debug|x64.ActiveCfg = Debug|Any CPU
		{E1408401-94D8-48AC-84BE-1ACA8EE09BED}.Debug|x64.Build.0 = Debug|Any CPU
		{E1408401-94D8-48AC-84BE-1ACA8EE09BED}.Debug|x86.ActiveCfg = Debug|Any CPU
		{E1408401-94D8-48AC-84BE-1ACA8EE09BED}.Debug|x86.Build.0 = Debug|Any CPU
		{E1408401-94D8-48AC-84BE-1ACA8EE09BED}.Release|Any CPU.ActiveCfg = Release|Any CPU
		{E1408401-94D8-48AC-84BE-1ACA8EE09BED}.Release|Any CPU.Build.0 = Release|Any CPU
		{E1408401-94D8-48AC-84BE-1ACA8EE09BED}.Release|x64.ActiveCfg = Release|Any CPU
		{E1408401-94D8-48AC-84BE-1ACA8EE09BED}.Release|x64.Build.0 = Release|Any CPU
		{E1408401-94D8-48AC-84BE-1ACA8EE09BED}.Release|x86.ActiveCfg = Release|Any CPU
		{E1408401-94D8-48AC-84BE-1ACA8EE09BED}.Release|x86.Build.0 = Release|Any CPU
		{2C4733FB-8AAF-4A4B-8583-6FAC4540E1BA}.Debug|Any CPU.ActiveCfg = Debug|Any CPU
		{2C4733FB-8AAF-4A4B-8583-6FAC4540E1BA}.Debug|Any CPU.Build.0 = Debug|Any CPU
		{2C4733FB-8AAF-4A4B-8583-6FAC4540E1BA}.Debug|x64.ActiveCfg = Debug|Any CPU
		{2C4733FB-8AAF-4A4B-8583-6FAC4540E1BA}.Debug|x64.Build.0 = Debug|Any CPU
		{2C4733FB-8AAF-4A4B-8583-6FAC4540E1BA}.Debug|x86.ActiveCfg = Debug|Any CPU
		{2C4733FB-8AAF-4A4B-8583-6FAC4540E1BA}.Debug|x86.Build.0 = Debug|Any CPU
		{2C4733FB-8AAF-4A4B-8583-6FAC4540E1BA}.Release|Any CPU.ActiveCfg = Release|Any CPU
		{2C4733FB-8AAF-4A4B-8583-6FAC4540E1BA}.Release|Any CPU.Build.0 = Release|Any CPU
		{2C4733FB-8AAF-4A4B-8583-6FAC4540E1BA}.Release|x64.ActiveCfg = Release|Any CPU
		{2C4733FB-8AAF-4A4B-8583-6FAC4540E1BA}.Release|x64.Build.0 = Release|Any CPU
		{2C4733FB-8AAF-4A4B-8583-6FAC4540E1BA}.Release|x86.ActiveCfg = Release|Any CPU
		{2C4733FB-8AAF-4A4B-8583-6FAC4540E1BA}.Release|x86.Build.0 = Release|Any CPU
		{71B530ED-26CD-4935-8B48-66A6E29B2B0D}.Debug|Any CPU.ActiveCfg = Debug|Any CPU
		{71B530ED-26CD-4935-8B48-66A6E29B2B0D}.Debug|Any CPU.Build.0 = Debug|Any CPU
		{71B530ED-26CD-4935-8B48-66A6E29B2B0D}.Debug|x64.ActiveCfg = Debug|Any CPU
		{71B530ED-26CD-4935-8B48-66A6E29B2B0D}.Debug|x64.Build.0 = Debug|Any CPU
		{71B530ED-26CD-4935-8B48-66A6E29B2B0D}.Debug|x86.ActiveCfg = Debug|Any CPU
		{71B530ED-26CD-4935-8B48-66A6E29B2B0D}.Debug|x86.Build.0 = Debug|Any CPU
		{71B530ED-26CD-4935-8B48-66A6E29B2B0D}.Release|Any CPU.ActiveCfg = Release|Any CPU
		{71B530ED-26CD-4935-8B48-66A6E29B2B0D}.Release|Any CPU.Build.0 = Release|Any CPU
		{71B530ED-26CD-4935-8B48-66A6E29B2B0D}.Release|x64.ActiveCfg = Release|Any CPU
		{71B530ED-26CD-4935-8B48-66A6E29B2B0D}.Release|x64.Build.0 = Release|Any CPU
		{71B530ED-26CD-4935-8B48-66A6E29B2B0D}.Release|x86.ActiveCfg = Release|Any CPU
		{71B530ED-26CD-4935-8B48-66A6E29B2B0D}.Release|x86.Build.0 = Release|Any CPU
		{BDE5FC25-8DB8-4922-848A-44C079B0E30B}.Debug|Any CPU.ActiveCfg = Debug|x86
		{BDE5FC25-8DB8-4922-848A-44C079B0E30B}.Debug|Any CPU.Build.0 = Debug|x86
		{BDE5FC25-8DB8-4922-848A-44C079B0E30B}.Debug|x64.ActiveCfg = Debug|x86
		{BDE5FC25-8DB8-4922-848A-44C079B0E30B}.Debug|x86.ActiveCfg = Debug|x86
		{BDE5FC25-8DB8-4922-848A-44C079B0E30B}.Debug|x86.Build.0 = Debug|x86
		{BDE5FC25-8DB8-4922-848A-44C079B0E30B}.Release|Any CPU.ActiveCfg = Release|x86
		{BDE5FC25-8DB8-4922-848A-44C079B0E30B}.Release|x64.ActiveCfg = Release|x86
		{BDE5FC25-8DB8-4922-848A-44C079B0E30B}.Release|x86.ActiveCfg = Release|x86
		{BDE5FC25-8DB8-4922-848A-44C079B0E30B}.Release|x86.Build.0 = Release|x86
		{52AF74BB-67E3-4AF3-8E90-96B7F91BC4EC}.Debug|Any CPU.ActiveCfg = Debug|Any CPU
		{52AF74BB-67E3-4AF3-8E90-96B7F91BC4EC}.Debug|Any CPU.Build.0 = Debug|Any CPU
		{52AF74BB-67E3-4AF3-8E90-96B7F91BC4EC}.Debug|x64.ActiveCfg = Debug|Any CPU
		{52AF74BB-67E3-4AF3-8E90-96B7F91BC4EC}.Debug|x64.Build.0 = Debug|Any CPU
		{52AF74BB-67E3-4AF3-8E90-96B7F91BC4EC}.Debug|x86.ActiveCfg = Debug|Any CPU
		{52AF74BB-67E3-4AF3-8E90-96B7F91BC4EC}.Debug|x86.Build.0 = Debug|Any CPU
		{52AF74BB-67E3-4AF3-8E90-96B7F91BC4EC}.Release|Any CPU.ActiveCfg = Release|Any CPU
		{52AF74BB-67E3-4AF3-8E90-96B7F91BC4EC}.Release|Any CPU.Build.0 = Release|Any CPU
		{52AF74BB-67E3-4AF3-8E90-96B7F91BC4EC}.Release|x64.ActiveCfg = Release|Any CPU
		{52AF74BB-67E3-4AF3-8E90-96B7F91BC4EC}.Release|x64.Build.0 = Release|Any CPU
		{52AF74BB-67E3-4AF3-8E90-96B7F91BC4EC}.Release|x86.ActiveCfg = Release|Any CPU
		{52AF74BB-67E3-4AF3-8E90-96B7F91BC4EC}.Release|x86.Build.0 = Release|Any CPU
		{B8156A69-9525-4B95-8A6A-6B1BD6AD0461}.Debug|Any CPU.ActiveCfg = Debug|x86
		{B8156A69-9525-4B95-8A6A-6B1BD6AD0461}.Debug|Any CPU.Build.0 = Debug|x86
		{B8156A69-9525-4B95-8A6A-6B1BD6AD0461}.Debug|x64.ActiveCfg = Debug|x64
		{B8156A69-9525-4B95-8A6A-6B1BD6AD0461}.Debug|x64.Build.0 = Debug|x64
		{B8156A69-9525-4B95-8A6A-6B1BD6AD0461}.Debug|x86.ActiveCfg = Debug|x86
		{B8156A69-9525-4B95-8A6A-6B1BD6AD0461}.Debug|x86.Build.0 = Debug|x86
		{B8156A69-9525-4B95-8A6A-6B1BD6AD0461}.Release|Any CPU.ActiveCfg = Release|x86
		{B8156A69-9525-4B95-8A6A-6B1BD6AD0461}.Release|x64.ActiveCfg = Release|x64
		{B8156A69-9525-4B95-8A6A-6B1BD6AD0461}.Release|x64.Build.0 = Release|x64
		{B8156A69-9525-4B95-8A6A-6B1BD6AD0461}.Release|x86.ActiveCfg = Release|x86
		{B8156A69-9525-4B95-8A6A-6B1BD6AD0461}.Release|x86.Build.0 = Release|x86
		{ED75E520-9D40-4B21-BF81-107C10D9D828}.Debug|Any CPU.ActiveCfg = Debug|x64
		{ED75E520-9D40-4B21-BF81-107C10D9D828}.Debug|Any CPU.Build.0 = Debug|x64
		{ED75E520-9D40-4B21-BF81-107C10D9D828}.Debug|x64.ActiveCfg = Debug|x64
		{ED75E520-9D40-4B21-BF81-107C10D9D828}.Debug|x64.Build.0 = Debug|x64
		{ED75E520-9D40-4B21-BF81-107C10D9D828}.Debug|x86.ActiveCfg = Debug|x86
		{ED75E520-9D40-4B21-BF81-107C10D9D828}.Debug|x86.Build.0 = Debug|x86
		{ED75E520-9D40-4B21-BF81-107C10D9D828}.Release|Any CPU.ActiveCfg = Release|x86
		{ED75E520-9D40-4B21-BF81-107C10D9D828}.Release|x64.ActiveCfg = Release|x64
		{ED75E520-9D40-4B21-BF81-107C10D9D828}.Release|x64.Build.0 = Release|x64
		{ED75E520-9D40-4B21-BF81-107C10D9D828}.Release|x86.ActiveCfg = Release|x86
		{ED75E520-9D40-4B21-BF81-107C10D9D828}.Release|x86.Build.0 = Release|x86
		{157706BD-DEAA-4B89-B5EE-CD447B2E9A13}.Debug|Any CPU.ActiveCfg = Debug|Any CPU
		{157706BD-DEAA-4B89-B5EE-CD447B2E9A13}.Debug|Any CPU.Build.0 = Debug|Any CPU
		{157706BD-DEAA-4B89-B5EE-CD447B2E9A13}.Debug|x64.ActiveCfg = Debug|Any CPU
		{157706BD-DEAA-4B89-B5EE-CD447B2E9A13}.Debug|x64.Build.0 = Debug|Any CPU
		{157706BD-DEAA-4B89-B5EE-CD447B2E9A13}.Debug|x86.ActiveCfg = Debug|Any CPU
		{157706BD-DEAA-4B89-B5EE-CD447B2E9A13}.Debug|x86.Build.0 = Debug|Any CPU
		{157706BD-DEAA-4B89-B5EE-CD447B2E9A13}.Release|Any CPU.ActiveCfg = Release|Any CPU
		{157706BD-DEAA-4B89-B5EE-CD447B2E9A13}.Release|Any CPU.Build.0 = Release|Any CPU
		{157706BD-DEAA-4B89-B5EE-CD447B2E9A13}.Release|x64.ActiveCfg = Release|Any CPU
		{157706BD-DEAA-4B89-B5EE-CD447B2E9A13}.Release|x64.Build.0 = Release|Any CPU
		{157706BD-DEAA-4B89-B5EE-CD447B2E9A13}.Release|x86.ActiveCfg = Release|Any CPU
		{157706BD-DEAA-4B89-B5EE-CD447B2E9A13}.Release|x86.Build.0 = Release|Any CPU
		{3EF639BA-C4B1-4031-BB59-F62EF7F7C875}.Debug|Any CPU.ActiveCfg = Debug|Any CPU
		{3EF639BA-C4B1-4031-BB59-F62EF7F7C875}.Debug|Any CPU.Build.0 = Debug|Any CPU
		{3EF639BA-C4B1-4031-BB59-F62EF7F7C875}.Debug|x64.ActiveCfg = Debug|Any CPU
		{3EF639BA-C4B1-4031-BB59-F62EF7F7C875}.Debug|x64.Build.0 = Debug|Any CPU
		{3EF639BA-C4B1-4031-BB59-F62EF7F7C875}.Debug|x86.ActiveCfg = Debug|Any CPU
		{3EF639BA-C4B1-4031-BB59-F62EF7F7C875}.Debug|x86.Build.0 = Debug|Any CPU
		{3EF639BA-C4B1-4031-BB59-F62EF7F7C875}.Release|Any CPU.ActiveCfg = Release|Any CPU
		{3EF639BA-C4B1-4031-BB59-F62EF7F7C875}.Release|Any CPU.Build.0 = Release|Any CPU
		{3EF639BA-C4B1-4031-BB59-F62EF7F7C875}.Release|x64.ActiveCfg = Release|Any CPU
		{3EF639BA-C4B1-4031-BB59-F62EF7F7C875}.Release|x64.Build.0 = Release|Any CPU
		{3EF639BA-C4B1-4031-BB59-F62EF7F7C875}.Release|x86.ActiveCfg = Release|Any CPU
		{3EF639BA-C4B1-4031-BB59-F62EF7F7C875}.Release|x86.Build.0 = Release|Any CPU
		{7626EA15-CAAC-4DE2-B07F-0168D479B8C7}.Debug|Any CPU.ActiveCfg = Debug|Any CPU
		{7626EA15-CAAC-4DE2-B07F-0168D479B8C7}.Debug|Any CPU.Build.0 = Debug|Any CPU
		{7626EA15-CAAC-4DE2-B07F-0168D479B8C7}.Debug|x64.ActiveCfg = Debug|Any CPU
		{7626EA15-CAAC-4DE2-B07F-0168D479B8C7}.Debug|x64.Build.0 = Debug|Any CPU
		{7626EA15-CAAC-4DE2-B07F-0168D479B8C7}.Debug|x86.ActiveCfg = Debug|Any CPU
		{7626EA15-CAAC-4DE2-B07F-0168D479B8C7}.Debug|x86.Build.0 = Debug|Any CPU
		{7626EA15-CAAC-4DE2-B07F-0168D479B8C7}.Release|Any CPU.ActiveCfg = Release|Any CPU
		{7626EA15-CAAC-4DE2-B07F-0168D479B8C7}.Release|Any CPU.Build.0 = Release|Any CPU
		{7626EA15-CAAC-4DE2-B07F-0168D479B8C7}.Release|x64.ActiveCfg = Release|Any CPU
		{7626EA15-CAAC-4DE2-B07F-0168D479B8C7}.Release|x64.Build.0 = Release|Any CPU
		{7626EA15-CAAC-4DE2-B07F-0168D479B8C7}.Release|x86.ActiveCfg = Release|Any CPU
		{7626EA15-CAAC-4DE2-B07F-0168D479B8C7}.Release|x86.Build.0 = Release|Any CPU
	EndGlobalSection
	GlobalSection(SolutionProperties) = preSolution
		HideSolutionNode = FALSE
	EndGlobalSection
EndGlobal
