
Microsoft Visual Studio Solution File, Format Version 12.00
# Visual Studio 2013
VisualStudioVersion = 12.0.30723.0
MinimumVisualStudioVersion = 10.0.40219.1
Project("{FAE04EC0-301F-11D3-BF4B-00C04F79EFBC}") = "WinFormTest", "WinFormTest\WinFormTest.csproj", "{B8156A69-9525-4B95-8A6A-6B1BD6AD0461}"
EndProject
Project("{FAE04EC0-301F-11D3-BF4B-00C04F79EFBC}") = "Controller.Media.Schema", "Schema\Controller.Media.Schema.csproj", "{ED75E520-9D40-4B21-BF81-107C10D9D828}"
EndProject
Global
	GlobalSection(SolutionConfigurationPlatforms) = preSolution
		Debug|x64 = Debug|x64
		Release|x64 = Release|x64
	EndGlobalSection
	GlobalSection(ProjectConfigurationPlatforms) = postSolution
		{B8156A69-9525-4B95-8A6A-6B1BD6AD0461}.Debug|x64.ActiveCfg = Debug|x64
		{B8156A69-9525-4B95-8A6A-6B1BD6AD0461}.Debug|x64.Build.0 = Debug|x64
		{B8156A69-9525-4B95-8A6A-6B1BD6AD0461}.Release|x64.ActiveCfg = Release|x64
		{B8156A69-9525-4B95-8A6A-6B1BD6AD0461}.Release|x64.Build.0 = Release|x64
		{ED75E520-9D40-4B21-BF81-107C10D9D828}.Debug|x64.ActiveCfg = Debug|x64
		{ED75E520-9D40-4B21-BF81-107C10D9D828}.Debug|x64.Build.0 = Debug|x64
		{ED75E520-9D40-4B21-BF81-107C10D9D828}.Release|x64.ActiveCfg = Release|x64
		{ED75E520-9D40-4B21-BF81-107C10D9D828}.Release|x64.Build.0 = Release|x64
	EndGlobalSection
	GlobalSection(SolutionProperties) = preSolution
		HideSolutionNode = FALSE
	EndGlobalSection
EndGlobal
